
Microsoft Visual Studio Solution File, Format Version 12.00
# Visual Studio Version 17
VisualStudioVersion = 17.0.31903.59
MinimumVisualStudioVersion = 10.0.40219.1
Project("{FAE04EC0-301F-11D3-BF4B-00C04F79EFBC}") = "CdCSharp.Pangea.Core", "src\CdCSharp.Pangea.Core\CdCSharp.Pangea.Core.csproj", "{8050922D-9E3E-D552-D4B4-B8A8FEC8E522}"
EndProject
Project("{FAE04EC0-301F-11D3-BF4B-00C04F79EFBC}") = "CdCSharp.Pangea", "src\CdCSharp.Pangea\CdCSharp.Pangea.csproj", "{F8DA749F-7EF5-DAA0-26EC-8277D25F6A98}"
EndProject
Project("{2150E333-8FDC-42A3-9474-1A3956D46DE8}") = "Elementos de la solución", "Elementos de la solución", "{D107F4C8-89CC-BEA8-D3D7-CA6B7733353D}"
	ProjectSection(SolutionItems) = preProject
		Directory.Build.props = Directory.Build.props
		.github\workflows\nuget-publish.yml = .github\workflows\nuget-publish.yml
		README.md = README.md
		LICENSE = LICENSE
	EndProjectSection
EndProject
Project("{FAE04EC0-301F-11D3-BF4B-00C04F79EFBC}") = "CdCSharp.Pangea.Binding", "src\CdCSharp.Pangea.Binding\CdCSharp.Pangea.Binding.csproj", "{AA707F7F-D75C-4C02-807A-10B7835F4AF4}"
EndProject
Project("{FAE04EC0-301F-11D3-BF4B-00C04F79EFBC}") = "CdCSharp.Pangea.Binding.CodeGeneration", "src\CdCSharp.Pangea.Binding.CodeGeneration\CdCSharp.Pangea.Binding.CodeGeneration.csproj", "{0BEC7A9B-F612-44F2-925C-F1295EA48B51}"
EndProject
Project("{FAE04EC0-301F-11D3-BF4B-00C04F79EFBC}") = "CdCSharp.Pangea.Theming", "src\CdCSharp.Pangea.Theming\CdCSharp.Pangea.Theming.csproj", "{90E5EB09-821A-4E21-AEFB-665D8206ABFB}"
EndProject
Project("{FAE04EC0-301F-11D3-BF4B-00C04F79EFBC}") = "CdCSharp.Pangea.Storage", "src\CdCSharp.Pangea.Storage\CdCSharp.Pangea.Storage.csproj", "{44F516F2-51B3-464C-83B5-50D0BA4C011F}"
EndProject
Project("{FAE04EC0-301F-11D3-BF4B-00C04F79EFBC}") = "CdCSharp.Pangea.Localization", "src\CdCSharp.Pangea.Localization\CdCSharp.Pangea.Localization.csproj", "{99FB7E3B-FEE3-4A89-B569-B4307B37EFF9}"
EndProject
Project("{2150E333-8FDC-42A3-9474-1A3956D46DE8}") = "src", "src", "{B51427E4-082A-4101-9F4D-8DA742E2540A}"
EndProject
Project("{2150E333-8FDC-42A3-9474-1A3956D46DE8}") = "test", "test", "{0D66F5B8-4294-4F39-A403-56701A777059}"
EndProject
Project("{2150E333-8FDC-42A3-9474-1A3956D46DE8}") = "int", "int", "{86859FD0-2459-4444-9766-19E3E7E6BC70}"
EndProject
Project("{FAE04EC0-301F-11D3-BF4B-00C04F79EFBC}") = "CdCSharp.Pangea.Tests.Int", "test\CdCSharp.Pangea.Tests.Int\CdCSharp.Pangea.Tests.Int.csproj", "{A9B1C310-5364-4FFE-BBD9-5A9F13A06890}"
EndProject
Project("{FAE04EC0-301F-11D3-BF4B-00C04F79EFBC}") = "CdCSharp.Pangea.Binding.CodeGeneration.Tests", "test\CdCSharp.Pangea.Binding.CodeGeneration.Tests\CdCSharp.Pangea.Binding.CodeGeneration.Tests.csproj", "{0D98168D-2A18-483E-A864-0196D816F586}"
EndProject
Project("{FAE04EC0-301F-11D3-BF4B-00C04F79EFBC}") = "CdCSharp.Pangea.Theming.Tests", "test\CdCSharp.Pangea.Theming.Tests\CdCSharp.Pangea.Theming.Tests.csproj", "{2255F697-0BFE-46EA-9720-697EEA4F344C}"
EndProject
Project("{FAE04EC0-301F-11D3-BF4B-00C04F79EFBC}") = "CdCSharp.Pangea.Core.Tests", "test\CdCSharp.Pangea.Core.Tests\CdCSharp.Pangea.Core.Tests.csproj", "{5008032F-90D9-4C1E-B0F2-F8815ACB7237}"
EndProject
Project("{FAE04EC0-301F-11D3-BF4B-00C04F79EFBC}") = "CdCSharp.Pangea.Tests", "test\CdCSharp.Pangea.Tests\CdCSharp.Pangea.Tests.csproj", "{5B094AB3-4759-4287-9709-A5CE17AF35FB}"
EndProject
Project("{FAE04EC0-301F-11D3-BF4B-00C04F79EFBC}") = "CdCSharp.Pangea.Localization.Tests", "test\CdCSharp.Pangea.Localization.Tests\CdCSharp.Pangea.Localization.Tests.csproj", "{B605F48E-25F7-41E1-A9AA-3439116F08F2}"
EndProject
Project("{FAE04EC0-301F-11D3-BF4B-00C04F79EFBC}") = "CdCSharp.Pangea.Storage.Tests", "test\CdCSharp.Pangea.Storage.Tests\CdCSharp.Pangea.Storage.Tests.csproj", "{8DEB7081-B3A7-4293-B991-8DBFAF7C27D5}"
EndProject
Project("{FAE04EC0-301F-11D3-BF4B-00C04F79EFBC}") = "CdCSharp.Pangea.Docs.Tests", "test\CdCSharp.Pangea.Docs.Tests\CdCSharp.Pangea.Docs.Tests.csproj", "{E9A2F704-B856-451F-B463-F21D0C110302}"
EndProject
Project("{FAE04EC0-301F-11D3-BF4B-00C04F79EFBC}") = "CdCSharp.Pangea.Templates", "templates\CdCSharp.Pangea.Templates.csproj", "{5E7BB46F-4F75-440E-9E7F-95BF80D0225A}"
EndProject
Project("{FAE04EC0-301F-11D3-BF4B-00C04F79EFBC}") = "CdCSharp.Pangea.Navigation", "src\CdCSharp.Pangea.Navigation\CdCSharp.Pangea.Navigation.csproj", "{A8875C15-2723-4273-AD51-ABD076815574}"
EndProject
Project("{FAE04EC0-301F-11D3-BF4B-00C04F79EFBC}") = "CdCSharp.Pangea.Navigation.Tests", "test\CdCSharp.Pangea.Navigation.Tests\CdCSharp.Pangea.Navigation.Tests.csproj", "{2F793CF8-5A35-4726-88CD-6EA03F01060C}"
EndProject
Project("{FAE04EC0-301F-11D3-BF4B-00C04F79EFBC}") = "CdCSharp.Pangea.Templates.Compile", "test\CdCSharp.Pangea.Templates.Compile\CdCSharp.Pangea.Templates.Compile.csproj", "{CAF92257-0CB5-46F5-9837-910BF389832A}"
EndProject
Project("{FAE04EC0-301F-11D3-BF4B-00C04F79EFBC}") = "CdCSharp.Pangea.Templates.Tests", "test\CdCSharp.Pangea.Templates.Tests\CdCSharp.Pangea.Templates.Tests.csproj", "{9305BFE2-FF96-41E8-B948-DAA41BBC65E4}"
EndProject
Project("{FAE04EC0-301F-11D3-BF4B-00C04F79EFBC}") = "CdCSharp.Pangea.Localization.CodeAnalysis", "src\CdCSharp.Pangea.Localization.CodeAnalysis\CdCSharp.Pangea.Localization.CodeAnalysis.csproj", "{AC42B52F-ACE0-4687-B49F-38D932F8E2BB}"
EndProject
Project("{FAE04EC0-301F-11D3-BF4B-00C04F79EFBC}") = "CdCSharp.Pangea.Localization.CodeAnalysis.Tests", "test\CdCSharp.Pangea.Localization.CodeAnalysis.Tests\CdCSharp.Pangea.Localization.CodeAnalysis.Tests.csproj", "{3EEFFB9D-B29C-425E-9FB7-87A12543F846}"
EndProject
Project("{FAE04EC0-301F-11D3-BF4B-00C04F79EFBC}") = "CdCSharp.Pangea.Testing", "src\CdCSharp.Pangea.Testing\CdCSharp.Pangea.Testing.csproj", "{63922990-487C-4E43-A2FF-661FEB46BBFC}"
EndProject
Project("{FAE04EC0-301F-11D3-BF4B-00C04F79EFBC}") = "CdCSharp.Pangea.Testing.Tests", "test\CdCSharp.Pangea.Testing.Tests\CdCSharp.Pangea.Testing.Tests.csproj", "{D6FC1B33-FE7F-4634-B2CD-DA367FEED929}"
EndProject
Project("{FAE04EC0-301F-11D3-BF4B-00C04F79EFBC}") = "CdCSharp.Pangea.CodeGeneration", "src\CdCSharp.Pangea.CodeGeneration\CdCSharp.Pangea.CodeGeneration.csproj", "{86B0B15F-5085-46B1-A317-9B0DC21CD715}"
EndProject
Project("{FAE04EC0-301F-11D3-BF4B-00C04F79EFBC}") = "CdCSharp.Pangea.CodeGeneration.Tests", "test\CdCSharp.Pangea.CodeGeneration.Tests\CdCSharp.Pangea.CodeGeneration.Tests.csproj", "{A79FB982-F2B7-46D0-91EC-E01139479B52}"
EndProject
Project("{FAE04EC0-301F-11D3-BF4B-00C04F79EFBC}") = "CdCSharp.Pangea.Data", "src\CdCSharp.Pangea.Data\CdCSharp.Pangea.Data.csproj", "{7303740A-AAA5-4F85-8CFF-4D3FFBE96891}"
EndProject
Project("{FAE04EC0-301F-11D3-BF4B-00C04F79EFBC}") = "CdCSharp.Pangea.Data.Sqlite", "src\CdCSharp.Pangea.Data.Sqlite\CdCSharp.Pangea.Data.Sqlite.csproj", "{FB58F7FD-FD78-4AC3-A45D-214A11630806}"
EndProject
Project("{FAE04EC0-301F-11D3-BF4B-00C04F79EFBC}") = "CdCSharp.Pangea.Data.Testing", "src\CdCSharp.Pangea.Data.Testing\CdCSharp.Pangea.Data.Testing.csproj", "{7252BC51-936E-4F67-B325-7054F58E8C6D}"
EndProject
Project("{FAE04EC0-301F-11D3-BF4B-00C04F79EFBC}") = "CdCSharp.Pangea.Data.Tests", "test\CdCSharp.Pangea.Data.Tests\CdCSharp.Pangea.Data.Tests.csproj", "{AFE8A97A-4108-4C01-896F-B9B7113A8DA2}"
EndProject
Project("{FAE04EC0-301F-11D3-BF4B-00C04F79EFBC}") = "CdCSharp.Pangea.Data.CodeAnalysis", "src\CdCSharp.Pangea.Data.CodeAnalysis\CdCSharp.Pangea.Data.CodeAnalysis.csproj", "{096195D1-94CC-4D42-9BC6-4CF907CD3350}"
EndProject
Project("{FAE04EC0-301F-11D3-BF4B-00C04F79EFBC}") = "CdCSharp.Pangea.Data.CodeAnalysis.Tests", "test\CdCSharp.Pangea.Data.CodeAnalysis.Tests\CdCSharp.Pangea.Data.CodeAnalysis.Tests.csproj", "{00FFDB04-F3FB-465D-BF21-B5EE31760640}"
EndProject
Project("{FAE04EC0-301F-11D3-BF4B-00C04F79EFBC}") = "CdCSharp.Pangea.Supabase", "src\CdCSharp.Pangea.Supabase\CdCSharp.Pangea.Supabase.csproj", "{F995AAF9-241F-47AF-B9AE-5616F636D701}"
EndProject
Project("{FAE04EC0-301F-11D3-BF4B-00C04F79EFBC}") = "CdCSharp.Pangea.Supabase.Tests", "test\CdCSharp.Pangea.Supabase.Tests\CdCSharp.Pangea.Supabase.Tests.csproj", "{EA24A0D3-7D35-48BD-A6A0-05CC55DA751E}"
EndProject
Global
	GlobalSection(SolutionConfigurationPlatforms) = preSolution
		Debug|Any CPU = Debug|Any CPU
		Debug|x64 = Debug|x64
		Debug|x86 = Debug|x86
		Release|Any CPU = Release|Any CPU
		Release|x64 = Release|x64
		Release|x86 = Release|x86
	EndGlobalSection
	GlobalSection(ProjectConfigurationPlatforms) = postSolution
		{8050922D-9E3E-D552-D4B4-B8A8FEC8E522}.Debug|Any CPU.ActiveCfg = Debug|Any CPU
		{8050922D-9E3E-D552-D4B4-B8A8FEC8E522}.Debug|Any CPU.Build.0 = Debug|Any CPU
		{8050922D-9E3E-D552-D4B4-B8A8FEC8E522}.Debug|x64.ActiveCfg = Debug|Any CPU
		{8050922D-9E3E-D552-D4B4-B8A8FEC8E522}.Debug|x64.Build.0 = Debug|Any CPU
		{8050922D-9E3E-D552-D4B4-B8A8FEC8E522}.Debug|x86.ActiveCfg = Debug|Any CPU
		{8050922D-9E3E-D552-D4B4-B8A8FEC8E522}.Debug|x86.Build.0 = Debug|Any CPU
		{8050922D-9E3E-D552-D4B4-B8A8FEC8E522}.Release|Any CPU.ActiveCfg = Release|Any CPU
		{8050922D-9E3E-D552-D4B4-B8A8FEC8E522}.Release|Any CPU.Build.0 = Release|Any CPU
		{8050922D-9E3E-D552-D4B4-B8A8FEC8E522}.Release|x64.ActiveCfg = Release|Any CPU
		{8050922D-9E3E-D552-D4B4-B8A8FEC8E522}.Release|x64.Build.0 = Release|Any CPU
		{8050922D-9E3E-D552-D4B4-B8A8FEC8E522}.Release|x86.ActiveCfg = Release|Any CPU
		{8050922D-9E3E-D552-D4B4-B8A8FEC8E522}.Release|x86.Build.0 = Release|Any CPU
		{F8DA749F-7EF5-DAA0-26EC-8277D25F6A98}.Debug|Any CPU.ActiveCfg = Debug|Any CPU
		{F8DA749F-7EF5-DAA0-26EC-8277D25F6A98}.Debug|Any CPU.Build.0 = Debug|Any CPU
		{F8DA749F-7EF5-DAA0-26EC-8277D25F6A98}.Debug|x64.ActiveCfg = Debug|Any CPU
		{F8DA749F-7EF5-DAA0-26EC-8277D25F6A98}.Debug|x64.Build.0 = Debug|Any CPU
		{F8DA749F-7EF5-DAA0-26EC-8277D25F6A98}.Debug|x86.ActiveCfg = Debug|Any CPU
		{F8DA749F-7EF5-DAA0-26EC-8277D25F6A98}.Debug|x86.Build.0 = Debug|Any CPU
		{F8DA749F-7EF5-DAA0-26EC-8277D25F6A98}.Release|Any CPU.ActiveCfg = Release|Any CPU
		{F8DA749F-7EF5-DAA0-26EC-8277D25F6A98}.Release|Any CPU.Build.0 = Release|Any CPU
		{F8DA749F-7EF5-DAA0-26EC-8277D25F6A98}.Release|x64.ActiveCfg = Release|Any CPU
		{F8DA749F-7EF5-DAA0-26EC-8277D25F6A98}.Release|x64.Build.0 = Release|Any CPU
		{F8DA749F-7EF5-DAA0-26EC-8277D25F6A98}.Release|x86.ActiveCfg = Release|Any CPU
		{F8DA749F-7EF5-DAA0-26EC-8277D25F6A98}.Release|x86.Build.0 = Release|Any CPU
		{AA707F7F-D75C-4C02-807A-10B7835F4AF4}.Debug|Any CPU.ActiveCfg = Debug|Any CPU
		{AA707F7F-D75C-4C02-807A-10B7835F4AF4}.Debug|Any CPU.Build.0 = Debug|Any CPU
		{AA707F7F-D75C-4C02-807A-10B7835F4AF4}.Debug|x64.ActiveCfg = Debug|Any CPU
		{AA707F7F-D75C-4C02-807A-10B7835F4AF4}.Debug|x64.Build.0 = Debug|Any CPU
		{AA707F7F-D75C-4C02-807A-10B7835F4AF4}.Debug|x86.ActiveCfg = Debug|Any CPU
		{AA707F7F-D75C-4C02-807A-10B7835F4AF4}.Debug|x86.Build.0 = Debug|Any CPU
		{AA707F7F-D75C-4C02-807A-10B7835F4AF4}.Release|Any CPU.ActiveCfg = Release|Any CPU
		{AA707F7F-D75C-4C02-807A-10B7835F4AF4}.Release|Any CPU.Build.0 = Release|Any CPU
		{AA707F7F-D75C-4C02-807A-10B7835F4AF4}.Release|x64.ActiveCfg = Release|Any CPU
		{AA707F7F-D75C-4C02-807A-10B7835F4AF4}.Release|x64.Build.0 = Release|Any CPU
		{AA707F7F-D75C-4C02-807A-10B7835F4AF4}.Release|x86.ActiveCfg = Release|Any CPU
		{AA707F7F-D75C-4C02-807A-10B7835F4AF4}.Release|x86.Build.0 = Release|Any CPU
		{0BEC7A9B-F612-44F2-925C-F1295EA48B51}.Debug|Any CPU.ActiveCfg = Debug|Any CPU
		{0BEC7A9B-F612-44F2-925C-F1295EA48B51}.Debug|Any CPU.Build.0 = Debug|Any CPU
		{0BEC7A9B-F612-44F2-925C-F1295EA48B51}.Debug|x64.ActiveCfg = Debug|Any CPU
		{0BEC7A9B-F612-44F2-925C-F1295EA48B51}.Debug|x64.Build.0 = Debug|Any CPU
		{0BEC7A9B-F612-44F2-925C-F1295EA48B51}.Debug|x86.ActiveCfg = Debug|Any CPU
		{0BEC7A9B-F612-44F2-925C-F1295EA48B51}.Debug|x86.Build.0 = Debug|Any CPU
		{0BEC7A9B-F612-44F2-925C-F1295EA48B51}.Release|Any CPU.ActiveCfg = Release|Any CPU
		{0BEC7A9B-F612-44F2-925C-F1295EA48B51}.Release|Any CPU.Build.0 = Release|Any CPU
		{0BEC7A9B-F612-44F2-925C-F1295EA48B51}.Release|x64.ActiveCfg = Release|Any CPU
		{0BEC7A9B-F612-44F2-925C-F1295EA48B51}.Release|x64.Build.0 = Release|Any CPU
		{0BEC7A9B-F612-44F2-925C-F1295EA48B51}.Release|x86.ActiveCfg = Release|Any CPU
		{0BEC7A9B-F612-44F2-925C-F1295EA48B51}.Release|x86.Build.0 = Release|Any CPU
		{90E5EB09-821A-4E21-AEFB-665D8206ABFB}.Debug|Any CPU.ActiveCfg = Debug|Any CPU
		{90E5EB09-821A-4E21-AEFB-665D8206ABFB}.Debug|Any CPU.Build.0 = Debug|Any CPU
		{90E5EB09-821A-4E21-AEFB-665D8206ABFB}.Debug|x64.ActiveCfg = Debug|Any CPU
		{90E5EB09-821A-4E21-AEFB-665D8206ABFB}.Debug|x64.Build.0 = Debug|Any CPU
		{90E5EB09-821A-4E21-AEFB-665D8206ABFB}.Debug|x86.ActiveCfg = Debug|Any CPU
		{90E5EB09-821A-4E21-AEFB-665D8206ABFB}.Debug|x86.Build.0 = Debug|Any CPU
		{90E5EB09-821A-4E21-AEFB-665D8206ABFB}.Release|Any CPU.ActiveCfg = Release|Any CPU
		{90E5EB09-821A-4E21-AEFB-665D8206ABFB}.Release|Any CPU.Build.0 = Release|Any CPU
		{90E5EB09-821A-4E21-AEFB-665D8206ABFB}.Release|x64.ActiveCfg = Release|Any CPU
		{90E5EB09-821A-4E21-AEFB-665D8206ABFB}.Release|x64.Build.0 = Release|Any CPU
		{90E5EB09-821A-4E21-AEFB-665D8206ABFB}.Release|x86.ActiveCfg = Release|Any CPU
		{90E5EB09-821A-4E21-AEFB-665D8206ABFB}.Release|x86.Build.0 = Release|Any CPU
		{44F516F2-51B3-464C-83B5-50D0BA4C011F}.Debug|Any CPU.ActiveCfg = Debug|Any CPU
		{44F516F2-51B3-464C-83B5-50D0BA4C011F}.Debug|Any CPU.Build.0 = Debug|Any CPU
		{44F516F2-51B3-464C-83B5-50D0BA4C011F}.Debug|x64.ActiveCfg = Debug|Any CPU
		{44F516F2-51B3-464C-83B5-50D0BA4C011F}.Debug|x64.Build.0 = Debug|Any CPU
		{44F516F2-51B3-464C-83B5-50D0BA4C011F}.Debug|x86.ActiveCfg = Debug|Any CPU
		{44F516F2-51B3-464C-83B5-50D0BA4C011F}.Debug|x86.Build.0 = Debug|Any CPU
		{44F516F2-51B3-464C-83B5-50D0BA4C011F}.Release|Any CPU.ActiveCfg = Release|Any CPU
		{44F516F2-51B3-464C-83B5-50D0BA4C011F}.Release|Any CPU.Build.0 = Release|Any CPU
		{44F516F2-51B3-464C-83B5-50D0BA4C011F}.Release|x64.ActiveCfg = Release|Any CPU
		{44F516F2-51B3-464C-83B5-50D0BA4C011F}.Release|x64.Build.0 = Release|Any CPU
		{44F516F2-51B3-464C-83B5-50D0BA4C011F}.Release|x86.ActiveCfg = Release|Any CPU
		{44F516F2-51B3-464C-83B5-50D0BA4C011F}.Release|x86.Build.0 = Release|Any CPU
		{99FB7E3B-FEE3-4A89-B569-B4307B37EFF9}.Debug|Any CPU.ActiveCfg = Debug|Any CPU
		{99FB7E3B-FEE3-4A89-B569-B4307B37EFF9}.Debug|Any CPU.Build.0 = Debug|Any CPU
		{99FB7E3B-FEE3-4A89-B569-B4307B37EFF9}.Debug|x64.ActiveCfg = Debug|Any CPU
		{99FB7E3B-FEE3-4A89-B569-B4307B37EFF9}.Debug|x64.Build.0 = Debug|Any CPU
		{99FB7E3B-FEE3-4A89-B569-B4307B37EFF9}.Debug|x86.ActiveCfg = Debug|Any CPU
		{99FB7E3B-FEE3-4A89-B569-B4307B37EFF9}.Debug|x86.Build.0 = Debug|Any CPU
		{99FB7E3B-FEE3-4A89-B569-B4307B37EFF9}.Release|Any CPU.ActiveCfg = Release|Any CPU
		{99FB7E3B-FEE3-4A89-B569-B4307B37EFF9}.Release|Any CPU.Build.0 = Release|Any CPU
		{99FB7E3B-FEE3-4A89-B569-B4307B37EFF9}.Release|x64.ActiveCfg = Release|Any CPU
		{99FB7E3B-FEE3-4A89-B569-B4307B37EFF9}.Release|x64.Build.0 = Release|Any CPU
		{99FB7E3B-FEE3-4A89-B569-B4307B37EFF9}.Release|x86.ActiveCfg = Release|Any CPU
		{99FB7E3B-FEE3-4A89-B569-B4307B37EFF9}.Release|x86.Build.0 = Release|Any CPU
		{A9B1C310-5364-4FFE-BBD9-5A9F13A06890}.Debug|Any CPU.ActiveCfg = Debug|Any CPU
		{A9B1C310-5364-4FFE-BBD9-5A9F13A06890}.Debug|Any CPU.Build.0 = Debug|Any CPU
		{A9B1C310-5364-4FFE-BBD9-5A9F13A06890}.Debug|x64.ActiveCfg = Debug|Any CPU
		{A9B1C310-5364-4FFE-BBD9-5A9F13A06890}.Debug|x64.Build.0 = Debug|Any CPU
		{A9B1C310-5364-4FFE-BBD9-5A9F13A06890}.Debug|x86.ActiveCfg = Debug|Any CPU
		{A9B1C310-5364-4FFE-BBD9-5A9F13A06890}.Debug|x86.Build.0 = Debug|Any CPU
		{A9B1C310-5364-4FFE-BBD9-5A9F13A06890}.Release|Any CPU.ActiveCfg = Release|Any CPU
		{A9B1C310-5364-4FFE-BBD9-5A9F13A06890}.Release|Any CPU.Build.0 = Release|Any CPU
		{A9B1C310-5364-4FFE-BBD9-5A9F13A06890}.Release|x64.ActiveCfg = Release|Any CPU
		{A9B1C310-5364-4FFE-BBD9-5A9F13A06890}.Release|x64.Build.0 = Release|Any CPU
		{A9B1C310-5364-4FFE-BBD9-5A9F13A06890}.Release|x86.ActiveCfg = Release|Any CPU
		{A9B1C310-5364-4FFE-BBD9-5A9F13A06890}.Release|x86.Build.0 = Release|Any CPU
		{0D98168D-2A18-483E-A864-0196D816F586}.Debug|Any CPU.ActiveCfg = Debug|Any CPU
		{0D98168D-2A18-483E-A864-0196D816F586}.Debug|Any CPU.Build.0 = Debug|Any CPU
		{0D98168D-2A18-483E-A864-0196D816F586}.Debug|x64.ActiveCfg = Debug|Any CPU
		{0D98168D-2A18-483E-A864-0196D816F586}.Debug|x64.Build.0 = Debug|Any CPU
		{0D98168D-2A18-483E-A864-0196D816F586}.Debug|x86.ActiveCfg = Debug|Any CPU
		{0D98168D-2A18-483E-A864-0196D816F586}.Debug|x86.Build.0 = Debug|Any CPU
		{0D98168D-2A18-483E-A864-0196D816F586}.Release|Any CPU.ActiveCfg = Release|Any CPU
		{0D98168D-2A18-483E-A864-0196D816F586}.Release|Any CPU.Build.0 = Release|Any CPU
		{0D98168D-2A18-483E-A864-0196D816F586}.Release|x64.ActiveCfg = Release|Any CPU
		{0D98168D-2A18-483E-A864-0196D816F586}.Release|x64.Build.0 = Release|Any CPU
		{0D98168D-2A18-483E-A864-0196D816F586}.Release|x86.ActiveCfg = Release|Any CPU
		{0D98168D-2A18-483E-A864-0196D816F586}.Release|x86.Build.0 = Release|Any CPU
		{2255F697-0BFE-46EA-9720-697EEA4F344C}.Debug|Any CPU.ActiveCfg = Debug|Any CPU
		{2255F697-0BFE-46EA-9720-697EEA4F344C}.Debug|Any CPU.Build.0 = Debug|Any CPU
		{2255F697-0BFE-46EA-9720-697EEA4F344C}.Debug|x64.ActiveCfg = Debug|Any CPU
		{2255F697-0BFE-46EA-9720-697EEA4F344C}.Debug|x64.Build.0 = Debug|Any CPU
		{2255F697-0BFE-46EA-9720-697EEA4F344C}.Debug|x86.ActiveCfg = Debug|Any CPU
		{2255F697-0BFE-46EA-9720-697EEA4F344C}.Debug|x86.Build.0 = Debug|Any CPU
		{2255F697-0BFE-46EA-9720-697EEA4F344C}.Release|Any CPU.ActiveCfg = Release|Any CPU
		{2255F697-0BFE-46EA-9720-697EEA4F344C}.Release|Any CPU.Build.0 = Release|Any CPU
		{2255F697-0BFE-46EA-9720-697EEA4F344C}.Release|x64.ActiveCfg = Release|Any CPU
		{2255F697-0BFE-46EA-9720-697EEA4F344C}.Release|x64.Build.0 = Release|Any CPU
		{2255F697-0BFE-46EA-9720-697EEA4F344C}.Release|x86.ActiveCfg = Release|Any CPU
		{2255F697-0BFE-46EA-9720-697EEA4F344C}.Release|x86.Build.0 = Release|Any CPU
		{5008032F-90D9-4C1E-B0F2-F8815ACB7237}.Debug|Any CPU.ActiveCfg = Debug|Any CPU
		{5008032F-90D9-4C1E-B0F2-F8815ACB7237}.Debug|Any CPU.Build.0 = Debug|Any CPU
		{5008032F-90D9-4C1E-B0F2-F8815ACB7237}.Debug|x64.ActiveCfg = Debug|Any CPU
		{5008032F-90D9-4C1E-B0F2-F8815ACB7237}.Debug|x64.Build.0 = Debug|Any CPU
		{5008032F-90D9-4C1E-B0F2-F8815ACB7237}.Debug|x86.ActiveCfg = Debug|Any CPU
		{5008032F-90D9-4C1E-B0F2-F8815ACB7237}.Debug|x86.Build.0 = Debug|Any CPU
		{5008032F-90D9-4C1E-B0F2-F8815ACB7237}.Release|Any CPU.ActiveCfg = Release|Any CPU
		{5008032F-90D9-4C1E-B0F2-F8815ACB7237}.Release|Any CPU.Build.0 = Release|Any CPU
		{5008032F-90D9-4C1E-B0F2-F8815ACB7237}.Release|x64.ActiveCfg = Release|Any CPU
		{5008032F-90D9-4C1E-B0F2-F8815ACB7237}.Release|x64.Build.0 = Release|Any CPU
		{5008032F-90D9-4C1E-B0F2-F8815ACB7237}.Release|x86.ActiveCfg = Release|Any CPU
		{5008032F-90D9-4C1E-B0F2-F8815ACB7237}.Release|x86.Build.0 = Release|Any CPU
		{5B094AB3-4759-4287-9709-A5CE17AF35FB}.Debug|Any CPU.ActiveCfg = Debug|Any CPU
		{5B094AB3-4759-4287-9709-A5CE17AF35FB}.Debug|Any CPU.Build.0 = Debug|Any CPU
		{5B094AB3-4759-4287-9709-A5CE17AF35FB}.Debug|x64.ActiveCfg = Debug|Any CPU
		{5B094AB3-4759-4287-9709-A5CE17AF35FB}.Debug|x64.Build.0 = Debug|Any CPU
		{5B094AB3-4759-4287-9709-A5CE17AF35FB}.Debug|x86.ActiveCfg = Debug|Any CPU
		{5B094AB3-4759-4287-9709-A5CE17AF35FB}.Debug|x86.Build.0 = Debug|Any CPU
		{5B094AB3-4759-4287-9709-A5CE17AF35FB}.Release|Any CPU.ActiveCfg = Release|Any CPU
		{5B094AB3-4759-4287-9709-A5CE17AF35FB}.Release|Any CPU.Build.0 = Release|Any CPU
		{5B094AB3-4759-4287-9709-A5CE17AF35FB}.Release|x64.ActiveCfg = Release|Any CPU
		{5B094AB3-4759-4287-9709-A5CE17AF35FB}.Release|x64.Build.0 = Release|Any CPU
		{5B094AB3-4759-4287-9709-A5CE17AF35FB}.Release|x86.ActiveCfg = Release|Any CPU
		{5B094AB3-4759-4287-9709-A5CE17AF35FB}.Release|x86.Build.0 = Release|Any CPU
		{B605F48E-25F7-41E1-A9AA-3439116F08F2}.Debug|Any CPU.ActiveCfg = Debug|Any CPU
		{B605F48E-25F7-41E1-A9AA-3439116F08F2}.Debug|Any CPU.Build.0 = Debug|Any CPU
		{B605F48E-25F7-41E1-A9AA-3439116F08F2}.Debug|x64.ActiveCfg = Debug|Any CPU
		{B605F48E-25F7-41E1-A9AA-3439116F08F2}.Debug|x64.Build.0 = Debug|Any CPU
		{B605F48E-25F7-41E1-A9AA-3439116F08F2}.Debug|x86.ActiveCfg = Debug|Any CPU
		{B605F48E-25F7-41E1-A9AA-3439116F08F2}.Debug|x86.Build.0 = Debug|Any CPU
		{B605F48E-25F7-41E1-A9AA-3439116F08F2}.Release|Any CPU.ActiveCfg = Release|Any CPU
		{B605F48E-25F7-41E1-A9AA-3439116F08F2}.Release|Any CPU.Build.0 = Release|Any CPU
		{B605F48E-25F7-41E1-A9AA-3439116F08F2}.Release|x64.ActiveCfg = Release|Any CPU
		{B605F48E-25F7-41E1-A9AA-3439116F08F2}.Release|x64.Build.0 = Release|Any CPU
		{B605F48E-25F7-41E1-A9AA-3439116F08F2}.Release|x86.ActiveCfg = Release|Any CPU
		{B605F48E-25F7-41E1-A9AA-3439116F08F2}.Release|x86.Build.0 = Release|Any CPU
		{8DEB7081-B3A7-4293-B991-8DBFAF7C27D5}.Debug|Any CPU.ActiveCfg = Debug|Any CPU
		{8DEB7081-B3A7-4293-B991-8DBFAF7C27D5}.Debug|Any CPU.Build.0 = Debug|Any CPU
		{8DEB7081-B3A7-4293-B991-8DBFAF7C27D5}.Debug|x64.ActiveCfg = Debug|Any CPU
		{8DEB7081-B3A7-4293-B991-8DBFAF7C27D5}.Debug|x64.Build.0 = Debug|Any CPU
		{8DEB7081-B3A7-4293-B991-8DBFAF7C27D5}.Debug|x86.ActiveCfg = Debug|Any CPU
		{8DEB7081-B3A7-4293-B991-8DBFAF7C27D5}.Debug|x86.Build.0 = Debug|Any CPU
		{8DEB7081-B3A7-4293-B991-8DBFAF7C27D5}.Release|Any CPU.ActiveCfg = Release|Any CPU
		{8DEB7081-B3A7-4293-B991-8DBFAF7C27D5}.Release|Any CPU.Build.0 = Release|Any CPU
		{8DEB7081-B3A7-4293-B991-8DBFAF7C27D5}.Release|x64.ActiveCfg = Release|Any CPU
		{8DEB7081-B3A7-4293-B991-8DBFAF7C27D5}.Release|x64.Build.0 = Release|Any CPU
		{8DEB7081-B3A7-4293-B991-8DBFAF7C27D5}.Release|x86.ActiveCfg = Release|Any CPU
		{8DEB7081-B3A7-4293-B991-8DBFAF7C27D5}.Release|x86.Build.0 = Release|Any CPU
		{E9A2F704-B856-451F-B463-F21D0C110302}.Debug|Any CPU.ActiveCfg = Debug|Any CPU
		{E9A2F704-B856-451F-B463-F21D0C110302}.Debug|Any CPU.Build.0 = Debug|Any CPU
		{E9A2F704-B856-451F-B463-F21D0C110302}.Debug|x64.ActiveCfg = Debug|Any CPU
		{E9A2F704-B856-451F-B463-F21D0C110302}.Debug|x64.Build.0 = Debug|Any CPU
		{E9A2F704-B856-451F-B463-F21D0C110302}.Debug|x86.ActiveCfg = Debug|Any CPU
		{E9A2F704-B856-451F-B463-F21D0C110302}.Debug|x86.Build.0 = Debug|Any CPU
		{E9A2F704-B856-451F-B463-F21D0C110302}.Release|Any CPU.ActiveCfg = Release|Any CPU
		{E9A2F704-B856-451F-B463-F21D0C110302}.Release|Any CPU.Build.0 = Release|Any CPU
		{E9A2F704-B856-451F-B463-F21D0C110302}.Release|x64.ActiveCfg = Release|Any CPU
		{E9A2F704-B856-451F-B463-F21D0C110302}.Release|x64.Build.0 = Release|Any CPU
		{E9A2F704-B856-451F-B463-F21D0C110302}.Release|x86.ActiveCfg = Release|Any CPU
		{E9A2F704-B856-451F-B463-F21D0C110302}.Release|x86.Build.0 = Release|Any CPU
		{5E7BB46F-4F75-440E-9E7F-95BF80D0225A}.Debug|Any CPU.ActiveCfg = Debug|Any CPU
		{5E7BB46F-4F75-440E-9E7F-95BF80D0225A}.Debug|Any CPU.Build.0 = Debug|Any CPU
		{5E7BB46F-4F75-440E-9E7F-95BF80D0225A}.Debug|x64.ActiveCfg = Debug|Any CPU
		{5E7BB46F-4F75-440E-9E7F-95BF80D0225A}.Debug|x64.Build.0 = Debug|Any CPU
		{5E7BB46F-4F75-440E-9E7F-95BF80D0225A}.Debug|x86.ActiveCfg = Debug|Any CPU
		{5E7BB46F-4F75-440E-9E7F-95BF80D0225A}.Debug|x86.Build.0 = Debug|Any CPU
		{5E7BB46F-4F75-440E-9E7F-95BF80D0225A}.Release|Any CPU.ActiveCfg = Release|Any CPU
		{5E7BB46F-4F75-440E-9E7F-95BF80D0225A}.Release|Any CPU.Build.0 = Release|Any CPU
		{5E7BB46F-4F75-440E-9E7F-95BF80D0225A}.Release|x64.ActiveCfg = Release|Any CPU
		{5E7BB46F-4F75-440E-9E7F-95BF80D0225A}.Release|x64.Build.0 = Release|Any CPU
		{5E7BB46F-4F75-440E-9E7F-95BF80D0225A}.Release|x86.ActiveCfg = Release|Any CPU
		{5E7BB46F-4F75-440E-9E7F-95BF80D0225A}.Release|x86.Build.0 = Release|Any CPU
		{A8875C15-2723-4273-AD51-ABD076815574}.Debug|Any CPU.ActiveCfg = Debug|Any CPU
		{A8875C15-2723-4273-AD51-ABD076815574}.Debug|Any CPU.Build.0 = Debug|Any CPU
		{A8875C15-2723-4273-AD51-ABD076815574}.Debug|x64.ActiveCfg = Debug|Any CPU
		{A8875C15-2723-4273-AD51-ABD076815574}.Debug|x64.Build.0 = Debug|Any CPU
		{A8875C15-2723-4273-AD51-ABD076815574}.Debug|x86.ActiveCfg = Debug|Any CPU
		{A8875C15-2723-4273-AD51-ABD076815574}.Debug|x86.Build.0 = Debug|Any CPU
		{A8875C15-2723-4273-AD51-ABD076815574}.Release|Any CPU.ActiveCfg = Release|Any CPU
		{A8875C15-2723-4273-AD51-ABD076815574}.Release|Any CPU.Build.0 = Release|Any CPU
		{A8875C15-2723-4273-AD51-ABD076815574}.Release|x64.ActiveCfg = Release|Any CPU
		{A8875C15-2723-4273-AD51-ABD076815574}.Release|x64.Build.0 = Release|Any CPU
		{A8875C15-2723-4273-AD51-ABD076815574}.Release|x86.ActiveCfg = Release|Any CPU
		{A8875C15-2723-4273-AD51-ABD076815574}.Release|x86.Build.0 = Release|Any CPU
		{2F793CF8-5A35-4726-88CD-6EA03F01060C}.Debug|Any CPU.ActiveCfg = Debug|Any CPU
		{2F793CF8-5A35-4726-88CD-6EA03F01060C}.Debug|Any CPU.Build.0 = Debug|Any CPU
		{2F793CF8-5A35-4726-88CD-6EA03F01060C}.Debug|x64.ActiveCfg = Debug|Any CPU
		{2F793CF8-5A35-4726-88CD-6EA03F01060C}.Debug|x64.Build.0 = Debug|Any CPU
		{2F793CF8-5A35-4726-88CD-6EA03F01060C}.Debug|x86.ActiveCfg = Debug|Any CPU
		{2F793CF8-5A35-4726-88CD-6EA03F01060C}.Debug|x86.Build.0 = Debug|Any CPU
		{2F793CF8-5A35-4726-88CD-6EA03F01060C}.Release|Any CPU.ActiveCfg = Release|Any CPU
		{2F793CF8-5A35-4726-88CD-6EA03F01060C}.Release|Any CPU.Build.0 = Release|Any CPU
		{2F793CF8-5A35-4726-88CD-6EA03F01060C}.Release|x64.ActiveCfg = Release|Any CPU
		{2F793CF8-5A35-4726-88CD-6EA03F01060C}.Release|x64.Build.0 = Release|Any CPU
		{2F793CF8-5A35-4726-88CD-6EA03F01060C}.Release|x86.ActiveCfg = Release|Any CPU
		{2F793CF8-5A35-4726-88CD-6EA03F01060C}.Release|x86.Build.0 = Release|Any CPU
		{CAF92257-0CB5-46F5-9837-910BF389832A}.Debug|Any CPU.ActiveCfg = Debug|Any CPU
		{CAF92257-0CB5-46F5-9837-910BF389832A}.Debug|Any CPU.Build.0 = Debug|Any CPU
		{CAF92257-0CB5-46F5-9837-910BF389832A}.Debug|x64.ActiveCfg = Debug|Any CPU
		{CAF92257-0CB5-46F5-9837-910BF389832A}.Debug|x64.Build.0 = Debug|Any CPU
		{CAF92257-0CB5-46F5-9837-910BF389832A}.Debug|x86.ActiveCfg = Debug|Any CPU
		{CAF92257-0CB5-46F5-9837-910BF389832A}.Debug|x86.Build.0 = Debug|Any CPU
		{CAF92257-0CB5-46F5-9837-910BF389832A}.Release|Any CPU.ActiveCfg = Release|Any CPU
		{CAF92257-0CB5-46F5-9837-910BF389832A}.Release|Any CPU.Build.0 = Release|Any CPU
		{CAF92257-0CB5-46F5-9837-910BF389832A}.Release|x64.ActiveCfg = Release|Any CPU
		{CAF92257-0CB5-46F5-9837-910BF389832A}.Release|x64.Build.0 = Release|Any CPU
		{CAF92257-0CB5-46F5-9837-910BF389832A}.Release|x86.ActiveCfg = Release|Any CPU
		{CAF92257-0CB5-46F5-9837-910BF389832A}.Release|x86.Build.0 = Release|Any CPU
		{9305BFE2-FF96-41E8-B948-DAA41BBC65E4}.Debug|Any CPU.ActiveCfg = Debug|Any CPU
		{9305BFE2-FF96-41E8-B948-DAA41BBC65E4}.Debug|Any CPU.Build.0 = Debug|Any CPU
		{9305BFE2-FF96-41E8-B948-DAA41BBC65E4}.Debug|x64.ActiveCfg = Debug|Any CPU
		{9305BFE2-FF96-41E8-B948-DAA41BBC65E4}.Debug|x64.Build.0 = Debug|Any CPU
		{9305BFE2-FF96-41E8-B948-DAA41BBC65E4}.Debug|x86.ActiveCfg = Debug|Any CPU
		{9305BFE2-FF96-41E8-B948-DAA41BBC65E4}.Debug|x86.Build.0 = Debug|Any CPU
		{9305BFE2-FF96-41E8-B948-DAA41BBC65E4}.Release|Any CPU.ActiveCfg = Release|Any CPU
		{9305BFE2-FF96-41E8-B948-DAA41BBC65E4}.Release|Any CPU.Build.0 = Release|Any CPU
		{9305BFE2-FF96-41E8-B948-DAA41BBC65E4}.Release|x64.ActiveCfg = Release|Any CPU
		{9305BFE2-FF96-41E8-B948-DAA41BBC65E4}.Release|x64.Build.0 = Release|Any CPU
		{9305BFE2-FF96-41E8-B948-DAA41BBC65E4}.Release|x86.ActiveCfg = Release|Any CPU
		{9305BFE2-FF96-41E8-B948-DAA41BBC65E4}.Release|x86.Build.0 = Release|Any CPU
		{AC42B52F-ACE0-4687-B49F-38D932F8E2BB}.Debug|Any CPU.ActiveCfg = Debug|Any CPU
		{AC42B52F-ACE0-4687-B49F-38D932F8E2BB}.Debug|Any CPU.Build.0 = Debug|Any CPU
		{AC42B52F-ACE0-4687-B49F-38D932F8E2BB}.Debug|x64.ActiveCfg = Debug|Any CPU
		{AC42B52F-ACE0-4687-B49F-38D932F8E2BB}.Debug|x64.Build.0 = Debug|Any CPU
		{AC42B52F-ACE0-4687-B49F-38D932F8E2BB}.Debug|x86.ActiveCfg = Debug|Any CPU
		{AC42B52F-ACE0-4687-B49F-38D932F8E2BB}.Debug|x86.Build.0 = Debug|Any CPU
		{AC42B52F-ACE0-4687-B49F-38D932F8E2BB}.Release|Any CPU.ActiveCfg = Release|Any CPU
		{AC42B52F-ACE0-4687-B49F-38D932F8E2BB}.Release|Any CPU.Build.0 = Release|Any CPU
		{AC42B52F-ACE0-4687-B49F-38D932F8E2BB}.Release|x64.ActiveCfg = Release|Any CPU
		{AC42B52F-ACE0-4687-B49F-38D932F8E2BB}.Release|x64.Build.0 = Release|Any CPU
		{AC42B52F-ACE0-4687-B49F-38D932F8E2BB}.Release|x86.ActiveCfg = Release|Any CPU
		{AC42B52F-ACE0-4687-B49F-38D932F8E2BB}.Release|x86.Build.0 = Release|Any CPU
		{3EEFFB9D-B29C-425E-9FB7-87A12543F846}.Debug|Any CPU.ActiveCfg = Debug|Any CPU
		{3EEFFB9D-B29C-425E-9FB7-87A12543F846}.Debug|Any CPU.Build.0 = Debug|Any CPU
		{3EEFFB9D-B29C-425E-9FB7-87A12543F846}.Debug|x64.ActiveCfg = Debug|Any CPU
		{3EEFFB9D-B29C-425E-9FB7-87A12543F846}.Debug|x64.Build.0 = Debug|Any CPU
		{3EEFFB9D-B29C-425E-9FB7-87A12543F846}.Debug|x86.ActiveCfg = Debug|Any CPU
		{3EEFFB9D-B29C-425E-9FB7-87A12543F846}.Debug|x86.Build.0 = Debug|Any CPU
		{3EEFFB9D-B29C-425E-9FB7-87A12543F846}.Release|Any CPU.ActiveCfg = Release|Any CPU
		{3EEFFB9D-B29C-425E-9FB7-87A12543F846}.Release|Any CPU.Build.0 = Release|Any CPU
		{3EEFFB9D-B29C-425E-9FB7-87A12543F846}.Release|x64.ActiveCfg = Release|Any CPU
		{3EEFFB9D-B29C-425E-9FB7-87A12543F846}.Release|x64.Build.0 = Release|Any CPU
		{3EEFFB9D-B29C-425E-9FB7-87A12543F846}.Release|x86.ActiveCfg = Release|Any CPU
		{3EEFFB9D-B29C-425E-9FB7-87A12543F846}.Release|x86.Build.0 = Release|Any CPU
		{63922990-487C-4E43-A2FF-661FEB46BBFC}.Debug|Any CPU.ActiveCfg = Debug|Any CPU
		{63922990-487C-4E43-A2FF-661FEB46BBFC}.Debug|Any CPU.Build.0 = Debug|Any CPU
		{63922990-487C-4E43-A2FF-661FEB46BBFC}.Debug|x64.ActiveCfg = Debug|Any CPU
		{63922990-487C-4E43-A2FF-661FEB46BBFC}.Debug|x64.Build.0 = Debug|Any CPU
		{63922990-487C-4E43-A2FF-661FEB46BBFC}.Debug|x86.ActiveCfg = Debug|Any CPU
		{63922990-487C-4E43-A2FF-661FEB46BBFC}.Debug|x86.Build.0 = Debug|Any CPU
		{63922990-487C-4E43-A2FF-661FEB46BBFC}.Release|Any CPU.ActiveCfg = Release|Any CPU
		{63922990-487C-4E43-A2FF-661FEB46BBFC}.Release|Any CPU.Build.0 = Release|Any CPU
		{63922990-487C-4E43-A2FF-661FEB46BBFC}.Release|x64.ActiveCfg = Release|Any CPU
		{63922990-487C-4E43-A2FF-661FEB46BBFC}.Release|x64.Build.0 = Release|Any CPU
		{63922990-487C-4E43-A2FF-661FEB46BBFC}.Release|x86.ActiveCfg = Release|Any CPU
		{63922990-487C-4E43-A2FF-661FEB46BBFC}.Release|x86.Build.0 = Release|Any CPU
		{D6FC1B33-FE7F-4634-B2CD-DA367FEED929}.Debug|Any CPU.ActiveCfg = Debug|Any CPU
		{D6FC1B33-FE7F-4634-B2CD-DA367FEED929}.Debug|Any CPU.Build.0 = Debug|Any CPU
		{D6FC1B33-FE7F-4634-B2CD-DA367FEED929}.Debug|x64.ActiveCfg = Debug|Any CPU
		{D6FC1B33-FE7F-4634-B2CD-DA367FEED929}.Debug|x64.Build.0 = Debug|Any CPU
		{D6FC1B33-FE7F-4634-B2CD-DA367FEED929}.Debug|x86.ActiveCfg = Debug|Any CPU
		{D6FC1B33-FE7F-4634-B2CD-DA367FEED929}.Debug|x86.Build.0 = Debug|Any CPU
		{D6FC1B33-FE7F-4634-B2CD-DA367FEED929}.Release|Any CPU.ActiveCfg = Release|Any CPU
		{D6FC1B33-FE7F-4634-B2CD-DA367FEED929}.Release|Any CPU.Build.0 = Release|Any CPU
		{D6FC1B33-FE7F-4634-B2CD-DA367FEED929}.Release|x64.ActiveCfg = Release|Any CPU
		{D6FC1B33-FE7F-4634-B2CD-DA367FEED929}.Release|x64.Build.0 = Release|Any CPU
		{D6FC1B33-FE7F-4634-B2CD-DA367FEED929}.Release|x86.ActiveCfg = Release|Any CPU
		{D6FC1B33-FE7F-4634-B2CD-DA367FEED929}.Release|x86.Build.0 = Release|Any CPU
		{86B0B15F-5085-46B1-A317-9B0DC21CD715}.Debug|Any CPU.ActiveCfg = Debug|Any CPU
		{86B0B15F-5085-46B1-A317-9B0DC21CD715}.Debug|Any CPU.Build.0 = Debug|Any CPU
		{86B0B15F-5085-46B1-A317-9B0DC21CD715}.Debug|x64.ActiveCfg = Debug|Any CPU
		{86B0B15F-5085-46B1-A317-9B0DC21CD715}.Debug|x64.Build.0 = Debug|Any CPU
		{86B0B15F-5085-46B1-A317-9B0DC21CD715}.Debug|x86.ActiveCfg = Debug|Any CPU
		{86B0B15F-5085-46B1-A317-9B0DC21CD715}.Debug|x86.Build.0 = Debug|Any CPU
		{86B0B15F-5085-46B1-A317-9B0DC21CD715}.Release|Any CPU.ActiveCfg = Release|Any CPU
		{86B0B15F-5085-46B1-A317-9B0DC21CD715}.Release|Any CPU.Build.0 = Release|Any CPU
		{86B0B15F-5085-46B1-A317-9B0DC21CD715}.Release|x64.ActiveCfg = Release|Any CPU
		{86B0B15F-5085-46B1-A317-9B0DC21CD715}.Release|x64.Build.0 = Release|Any CPU
		{86B0B15F-5085-46B1-A317-9B0DC21CD715}.Release|x86.ActiveCfg = Release|Any CPU
		{86B0B15F-5085-46B1-A317-9B0DC21CD715}.Release|x86.Build.0 = Release|Any CPU
		{A79FB982-F2B7-46D0-91EC-E01139479B52}.Debug|Any CPU.ActiveCfg = Debug|Any CPU
		{A79FB982-F2B7-46D0-91EC-E01139479B52}.Debug|Any CPU.Build.0 = Debug|Any CPU
		{A79FB982-F2B7-46D0-91EC-E01139479B52}.Debug|x64.ActiveCfg = Debug|Any CPU
		{A79FB982-F2B7-46D0-91EC-E01139479B52}.Debug|x64.Build.0 = Debug|Any CPU
		{A79FB982-F2B7-46D0-91EC-E01139479B52}.Debug|x86.ActiveCfg = Debug|Any CPU
		{A79FB982-F2B7-46D0-91EC-E01139479B52}.Debug|x86.Build.0 = Debug|Any CPU
		{A79FB982-F2B7-46D0-91EC-E01139479B52}.Release|Any CPU.ActiveCfg = Release|Any CPU
		{A79FB982-F2B7-46D0-91EC-E01139479B52}.Release|Any CPU.Build.0 = Release|Any CPU
		{A79FB982-F2B7-46D0-91EC-E01139479B52}.Release|x64.ActiveCfg = Release|Any CPU
		{A79FB982-F2B7-46D0-91EC-E01139479B52}.Release|x64.Build.0 = Release|Any CPU
		{A79FB982-F2B7-46D0-91EC-E01139479B52}.Release|x86.ActiveCfg = Release|Any CPU
		{A79FB982-F2B7-46D0-91EC-E01139479B52}.Release|x86.Build.0 = Release|Any CPU
		{7303740A-AAA5-4F85-8CFF-4D3FFBE96891}.Debug|Any CPU.ActiveCfg = Debug|Any CPU
		{7303740A-AAA5-4F85-8CFF-4D3FFBE96891}.Debug|Any CPU.Build.0 = Debug|Any CPU
		{7303740A-AAA5-4F85-8CFF-4D3FFBE96891}.Debug|x64.ActiveCfg = Debug|Any CPU
		{7303740A-AAA5-4F85-8CFF-4D3FFBE96891}.Debug|x64.Build.0 = Debug|Any CPU
		{7303740A-AAA5-4F85-8CFF-4D3FFBE96891}.Debug|x86.ActiveCfg = Debug|Any CPU
		{7303740A-AAA5-4F85-8CFF-4D3FFBE96891}.Debug|x86.Build.0 = Debug|Any CPU
		{7303740A-AAA5-4F85-8CFF-4D3FFBE96891}.Release|Any CPU.ActiveCfg = Release|Any CPU
		{7303740A-AAA5-4F85-8CFF-4D3FFBE96891}.Release|Any CPU.Build.0 = Release|Any CPU
		{7303740A-AAA5-4F85-8CFF-4D3FFBE96891}.Release|x64.ActiveCfg = Release|Any CPU
		{7303740A-AAA5-4F85-8CFF-4D3FFBE96891}.Release|x64.Build.0 = Release|Any CPU
		{7303740A-AAA5-4F85-8CFF-4D3FFBE96891}.Release|x86.ActiveCfg = Release|Any CPU
		{7303740A-AAA5-4F85-8CFF-4D3FFBE96891}.Release|x86.Build.0 = Release|Any CPU
		{FB58F7FD-FD78-4AC3-A45D-214A11630806}.Debug|Any CPU.ActiveCfg = Debug|Any CPU
		{FB58F7FD-FD78-4AC3-A45D-214A11630806}.Debug|Any CPU.Build.0 = Debug|Any CPU
		{FB58F7FD-FD78-4AC3-A45D-214A11630806}.Debug|x64.ActiveCfg = Debug|Any CPU
		{FB58F7FD-FD78-4AC3-A45D-214A11630806}.Debug|x64.Build.0 = Debug|Any CPU
		{FB58F7FD-FD78-4AC3-A45D-214A11630806}.Debug|x86.ActiveCfg = Debug|Any CPU
		{FB58F7FD-FD78-4AC3-A45D-214A11630806}.Debug|x86.Build.0 = Debug|Any CPU
		{FB58F7FD-FD78-4AC3-A45D-214A11630806}.Release|Any CPU.ActiveCfg = Release|Any CPU
		{FB58F7FD-FD78-4AC3-A45D-214A11630806}.Release|Any CPU.Build.0 = Release|Any CPU
		{FB58F7FD-FD78-4AC3-A45D-214A11630806}.Release|x64.ActiveCfg = Release|Any CPU
		{FB58F7FD-FD78-4AC3-A45D-214A11630806}.Release|x64.Build.0 = Release|Any CPU
		{FB58F7FD-FD78-4AC3-A45D-214A11630806}.Release|x86.ActiveCfg = Release|Any CPU
		{FB58F7FD-FD78-4AC3-A45D-214A11630806}.Release|x86.Build.0 = Release|Any CPU
		{7252BC51-936E-4F67-B325-7054F58E8C6D}.Debug|Any CPU.ActiveCfg = Debug|Any CPU
		{7252BC51-936E-4F67-B325-7054F58E8C6D}.Debug|Any CPU.Build.0 = Debug|Any CPU
		{7252BC51-936E-4F67-B325-7054F58E8C6D}.Debug|x64.ActiveCfg = Debug|Any CPU
		{7252BC51-936E-4F67-B325-7054F58E8C6D}.Debug|x64.Build.0 = Debug|Any CPU
		{7252BC51-936E-4F67-B325-7054F58E8C6D}.Debug|x86.ActiveCfg = Debug|Any CPU
		{7252BC51-936E-4F67-B325-7054F58E8C6D}.Debug|x86.Build.0 = Debug|Any CPU
		{7252BC51-936E-4F67-B325-7054F58E8C6D}.Release|Any CPU.ActiveCfg = Release|Any CPU
		{7252BC51-936E-4F67-B325-7054F58E8C6D}.Release|Any CPU.Build.0 = Release|Any CPU
		{7252BC51-936E-4F67-B325-7054F58E8C6D}.Release|x64.ActiveCfg = Release|Any CPU
		{7252BC51-936E-4F67-B325-7054F58E8C6D}.Release|x64.Build.0 = Release|Any CPU
		{7252BC51-936E-4F67-B325-7054F58E8C6D}.Release|x86.ActiveCfg = Release|Any CPU
		{7252BC51-936E-4F67-B325-7054F58E8C6D}.Release|x86.Build.0 = Release|Any CPU
		{AFE8A97A-4108-4C01-896F-B9B7113A8DA2}.Debug|Any CPU.ActiveCfg = Debug|Any CPU
		{AFE8A97A-4108-4C01-896F-B9B7113A8DA2}.Debug|Any CPU.Build.0 = Debug|Any CPU
		{AFE8A97A-4108-4C01-896F-B9B7113A8DA2}.Debug|x64.ActiveCfg = Debug|Any CPU
		{AFE8A97A-4108-4C01-896F-B9B7113A8DA2}.Debug|x64.Build.0 = Debug|Any CPU
		{AFE8A97A-4108-4C01-896F-B9B7113A8DA2}.Debug|x86.ActiveCfg = Debug|Any CPU
		{AFE8A97A-4108-4C01-896F-B9B7113A8DA2}.Debug|x86.Build.0 = Debug|Any CPU
		{AFE8A97A-4108-4C01-896F-B9B7113A8DA2}.Release|Any CPU.ActiveCfg = Release|Any CPU
		{AFE8A97A-4108-4C01-896F-B9B7113A8DA2}.Release|Any CPU.Build.0 = Release|Any CPU
		{AFE8A97A-4108-4C01-896F-B9B7113A8DA2}.Release|x64.ActiveCfg = Release|Any CPU
		{AFE8A97A-4108-4C01-896F-B9B7113A8DA2}.Release|x64.Build.0 = Release|Any CPU
		{AFE8A97A-4108-4C01-896F-B9B7113A8DA2}.Release|x86.ActiveCfg = Release|Any CPU
		{AFE8A97A-4108-4C01-896F-B9B7113A8DA2}.Release|x86.Build.0 = Release|Any CPU
		{096195D1-94CC-4D42-9BC6-4CF907CD3350}.Debug|Any CPU.ActiveCfg = Debug|Any CPU
		{096195D1-94CC-4D42-9BC6-4CF907CD3350}.Debug|Any CPU.Build.0 = Debug|Any CPU
		{096195D1-94CC-4D42-9BC6-4CF907CD3350}.Debug|x64.ActiveCfg = Debug|Any CPU
		{096195D1-94CC-4D42-9BC6-4CF907CD3350}.Debug|x64.Build.0 = Debug|Any CPU
		{096195D1-94CC-4D42-9BC6-4CF907CD3350}.Debug|x86.ActiveCfg = Debug|Any CPU
		{096195D1-94CC-4D42-9BC6-4CF907CD3350}.Debug|x86.Build.0 = Debug|Any CPU
		{096195D1-94CC-4D42-9BC6-4CF907CD3350}.Release|Any CPU.ActiveCfg = Release|Any CPU
		{096195D1-94CC-4D42-9BC6-4CF907CD3350}.Release|Any CPU.Build.0 = Release|Any CPU
		{096195D1-94CC-4D42-9BC6-4CF907CD3350}.Release|x64.ActiveCfg = Release|Any CPU
		{096195D1-94CC-4D42-9BC6-4CF907CD3350}.Release|x64.Build.0 = Release|Any CPU
		{096195D1-94CC-4D42-9BC6-4CF907CD3350}.Release|x86.ActiveCfg = Release|Any CPU
		{096195D1-94CC-4D42-9BC6-4CF907CD3350}.Release|x86.Build.0 = Release|Any CPU
		{00FFDB04-F3FB-465D-BF21-B5EE31760640}.Debug|Any CPU.ActiveCfg = Debug|Any CPU
		{00FFDB04-F3FB-465D-BF21-B5EE31760640}.Debug|Any CPU.Build.0 = Debug|Any CPU
		{00FFDB04-F3FB-465D-BF21-B5EE31760640}.Debug|x64.ActiveCfg = Debug|Any CPU
		{00FFDB04-F3FB-465D-BF21-B5EE31760640}.Debug|x64.Build.0 = Debug|Any CPU
		{00FFDB04-F3FB-465D-BF21-B5EE31760640}.Debug|x86.ActiveCfg = Debug|Any CPU
		{00FFDB04-F3FB-465D-BF21-B5EE31760640}.Debug|x86.Build.0 = Debug|Any CPU
		{00FFDB04-F3FB-465D-BF21-B5EE31760640}.Release|Any CPU.ActiveCfg = Release|Any CPU
		{00FFDB04-F3FB-465D-BF21-B5EE31760640}.Release|Any CPU.Build.0 = Release|Any CPU
		{00FFDB04-F3FB-465D-BF21-B5EE31760640}.Release|x64.ActiveCfg = Release|Any CPU
		{00FFDB04-F3FB-465D-BF21-B5EE31760640}.Release|x64.Build.0 = Release|Any CPU
		{00FFDB04-F3FB-465D-BF21-B5EE31760640}.Release|x86.ActiveCfg = Release|Any CPU
		{00FFDB04-F3FB-465D-BF21-B5EE31760640}.Release|x86.Build.0 = Release|Any CPU
		{F995AAF9-241F-47AF-B9AE-5616F636D701}.Debug|Any CPU.ActiveCfg = Debug|Any CPU
		{F995AAF9-241F-47AF-B9AE-5616F636D701}.Debug|Any CPU.Build.0 = Debug|Any CPU
		{F995AAF9-241F-47AF-B9AE-5616F636D701}.Debug|x64.ActiveCfg = Debug|Any CPU
		{F995AAF9-241F-47AF-B9AE-5616F636D701}.Debug|x64.Build.0 = Debug|Any CPU
		{F995AAF9-241F-47AF-B9AE-5616F636D701}.Debug|x86.ActiveCfg = Debug|Any CPU
		{F995AAF9-241F-47AF-B9AE-5616F636D701}.Debug|x86.Build.0 = Debug|Any CPU
		{F995AAF9-241F-47AF-B9AE-5616F636D701}.Release|Any CPU.ActiveCfg = Release|Any CPU
		{F995AAF9-241F-47AF-B9AE-5616F636D701}.Release|Any CPU.Build.0 = Release|Any CPU
		{F995AAF9-241F-47AF-B9AE-5616F636D701}.Release|x64.ActiveCfg = Release|Any CPU
		{F995AAF9-241F-47AF-B9AE-5616F636D701}.Release|x64.Build.0 = Release|Any CPU
		{F995AAF9-241F-47AF-B9AE-5616F636D701}.Release|x86.ActiveCfg = Release|Any CPU
		{F995AAF9-241F-47AF-B9AE-5616F636D701}.Release|x86.Build.0 = Release|Any CPU
		{EA24A0D3-7D35-48BD-A6A0-05CC55DA751E}.Debug|Any CPU.ActiveCfg = Debug|Any CPU
		{EA24A0D3-7D35-48BD-A6A0-05CC55DA751E}.Debug|Any CPU.Build.0 = Debug|Any CPU
		{EA24A0D3-7D35-48BD-A6A0-05CC55DA751E}.Debug|x64.ActiveCfg = Debug|Any CPU
		{EA24A0D3-7D35-48BD-A6A0-05CC55DA751E}.Debug|x64.Build.0 = Debug|Any CPU
		{EA24A0D3-7D35-48BD-A6A0-05CC55DA751E}.Debug|x86.ActiveCfg = Debug|Any CPU
		{EA24A0D3-7D35-48BD-A6A0-05CC55DA751E}.Debug|x86.Build.0 = Debug|Any CPU
		{EA24A0D3-7D35-48BD-A6A0-05CC55DA751E}.Release|Any CPU.ActiveCfg = Release|Any CPU
		{EA24A0D3-7D35-48BD-A6A0-05CC55DA751E}.Release|Any CPU.Build.0 = Release|Any CPU
		{EA24A0D3-7D35-48BD-A6A0-05CC55DA751E}.Release|x64.ActiveCfg = Release|Any CPU
		{EA24A0D3-7D35-48BD-A6A0-05CC55DA751E}.Release|x64.Build.0 = Release|Any CPU
		{EA24A0D3-7D35-48BD-A6A0-05CC55DA751E}.Release|x86.ActiveCfg = Release|Any CPU
		{EA24A0D3-7D35-48BD-A6A0-05CC55DA751E}.Release|x86.Build.0 = Release|Any CPU
	EndGlobalSection
	GlobalSection(SolutionProperties) = preSolution
		HideSolutionNode = FALSE
	EndGlobalSection
	GlobalSection(NestedProjects) = preSolution
		{8050922D-9E3E-D552-D4B4-B8A8FEC8E522} = {B51427E4-082A-4101-9F4D-8DA742E2540A}
		{F8DA749F-7EF5-DAA0-26EC-8277D25F6A98} = {B51427E4-082A-4101-9F4D-8DA742E2540A}
		{AA707F7F-D75C-4C02-807A-10B7835F4AF4} = {B51427E4-082A-4101-9F4D-8DA742E2540A}
		{0BEC7A9B-F612-44F2-925C-F1295EA48B51} = {B51427E4-082A-4101-9F4D-8DA742E2540A}
		{90E5EB09-821A-4E21-AEFB-665D8206ABFB} = {B51427E4-082A-4101-9F4D-8DA742E2540A}
		{44F516F2-51B3-464C-83B5-50D0BA4C011F} = {B51427E4-082A-4101-9F4D-8DA742E2540A}
		{99FB7E3B-FEE3-4A89-B569-B4307B37EFF9} = {B51427E4-082A-4101-9F4D-8DA742E2540A}
		{86859FD0-2459-4444-9766-19E3E7E6BC70} = {0D66F5B8-4294-4F39-A403-56701A777059}
		{A9B1C310-5364-4FFE-BBD9-5A9F13A06890} = {86859FD0-2459-4444-9766-19E3E7E6BC70}
		{0D98168D-2A18-483E-A864-0196D816F586} = {0D66F5B8-4294-4F39-A403-56701A777059}
		{2255F697-0BFE-46EA-9720-697EEA4F344C} = {0D66F5B8-4294-4F39-A403-56701A777059}
		{5008032F-90D9-4C1E-B0F2-F8815ACB7237} = {0D66F5B8-4294-4F39-A403-56701A777059}
		{5B094AB3-4759-4287-9709-A5CE17AF35FB} = {0D66F5B8-4294-4F39-A403-56701A777059}
		{B605F48E-25F7-41E1-A9AA-3439116F08F2} = {0D66F5B8-4294-4F39-A403-56701A777059}
		{8DEB7081-B3A7-4293-B991-8DBFAF7C27D5} = {0D66F5B8-4294-4F39-A403-56701A777059}
		{E9A2F704-B856-451F-B463-F21D0C110302} = {0D66F5B8-4294-4F39-A403-56701A777059}
		{5E7BB46F-4F75-440E-9E7F-95BF80D0225A} = {B51427E4-082A-4101-9F4D-8DA742E2540A}
		{A8875C15-2723-4273-AD51-ABD076815574} = {B51427E4-082A-4101-9F4D-8DA742E2540A}
		{2F793CF8-5A35-4726-88CD-6EA03F01060C} = {0D66F5B8-4294-4F39-A403-56701A777059}
		{CAF92257-0CB5-46F5-9837-910BF389832A} = {0D66F5B8-4294-4F39-A403-56701A777059}
		{9305BFE2-FF96-41E8-B948-DAA41BBC65E4} = {0D66F5B8-4294-4F39-A403-56701A777059}
		{AC42B52F-ACE0-4687-B49F-38D932F8E2BB} = {B51427E4-082A-4101-9F4D-8DA742E2540A}
		{3EEFFB9D-B29C-425E-9FB7-87A12543F846} = {0D66F5B8-4294-4F39-A403-56701A777059}
		{63922990-487C-4E43-A2FF-661FEB46BBFC} = {B51427E4-082A-4101-9F4D-8DA742E2540A}
		{D6FC1B33-FE7F-4634-B2CD-DA367FEED929} = {0D66F5B8-4294-4F39-A403-56701A777059}
		{86B0B15F-5085-46B1-A317-9B0DC21CD715} = {B51427E4-082A-4101-9F4D-8DA742E2540A}
		{A79FB982-F2B7-46D0-91EC-E01139479B52} = {0D66F5B8-4294-4F39-A403-56701A777059}
		{7303740A-AAA5-4F85-8CFF-4D3FFBE96891} = {B51427E4-082A-4101-9F4D-8DA742E2540A}
		{FB58F7FD-FD78-4AC3-A45D-214A11630806} = {B51427E4-082A-4101-9F4D-8DA742E2540A}
		{7252BC51-936E-4F67-B325-7054F58E8C6D} = {B51427E4-082A-4101-9F4D-8DA742E2540A}
		{AFE8A97A-4108-4C01-896F-B9B7113A8DA2} = {0D66F5B8-4294-4F39-A403-56701A777059}
		{096195D1-94CC-4D42-9BC6-4CF907CD3350} = {B51427E4-082A-4101-9F4D-8DA742E2540A}
		{00FFDB04-F3FB-465D-BF21-B5EE31760640} = {0D66F5B8-4294-4F39-A403-56701A777059}
		{F995AAF9-241F-47AF-B9AE-5616F636D701} = {B51427E4-082A-4101-9F4D-8DA742E2540A}
		{EA24A0D3-7D35-48BD-A6A0-05CC55DA751E} = {0D66F5B8-4294-4F39-A403-56701A777059}
	EndGlobalSection
	GlobalSection(ExtensibilityGlobals) = postSolution
		SolutionGuid = {5682E5CF-A4C8-4886-A221-C04519ABBB81}
	EndGlobalSection
EndGlobal
