<Solution>
  <Project Path="PangeaMobileApp/PangeaMobileApp.csproj" />
  <Project Path="PangeaMobileApp.Desktop/PangeaMobileApp.Desktop.csproj" />
  <!--#if (Android) -->
  <Project Path="PangeaMobileApp.Android/PangeaMobileApp.Android.csproj" />
  <!--#endif -->
  <!--#if (iOS) -->
  <Project Path="PangeaMobileApp.iOS/PangeaMobileApp.iOS.csproj" />
  <!--#endif -->
</Solution>
