<Solution>
  <Project Path="PangeaSupabaseApp/PangeaSupabaseApp.csproj" />
  <Project Path="PangeaSupabaseApp.Desktop/PangeaSupabaseApp.Desktop.csproj" />
  <!--#if (Android) -->
  <Project Path="PangeaSupabaseApp.Android/PangeaSupabaseApp.Android.csproj" />
  <!--#endif -->
  <!--#if (iOS) -->
  <Project Path="PangeaSupabaseApp.iOS/PangeaSupabaseApp.iOS.csproj" />
  <!--#endif -->
</Solution>
